
Microsoft Visual Studio Solution File, Format Version 12.00
# Visual Studio Version 16
VisualStudioVersion = 16.0.30413.136
MinimumVisualStudioVersion = 10.0.40219.1
Project("{FAE04EC0-301F-11D3-BF4B-00C04F79EFBC}") = "BirthdayMail", "BirthdayMail\BirthdayMail.csproj", "{3BF06F29-4383-4C35-A463-B1B98D4A3AC3}"
EndProject
Global
	GlobalSection(SolutionConfigurationPlatforms) = preSolution
		Debug|Any CPU = Debug|Any CPU
		Release|Any CPU = Release|Any CPU
	EndGlobalSection
	GlobalSection(ProjectConfigurationPlatforms) = postSolution
		{3BF06F29-4383-4C35-A463-B1B98D4A3AC3}.Debug|Any CPU.ActiveCfg = Debug|Any CPU
		{3BF06F29-4383-4C35-A463-B1B98D4A3AC3}.Debug|Any CPU.Build.0 = Debug|Any CPU
		{3BF06F29-4383-4C35-A463-B1B98D4A3AC3}.Release|Any CPU.ActiveCfg = Release|Any CPU
		{3BF06F29-4383-4C35-A463-B1B98D4A3AC3}.Release|Any CPU.Build.0 = Release|Any CPU
	EndGlobalSection
	GlobalSection(SolutionProperties) = preSolution
		HideSolutionNode = FALSE
	EndGlobalSection
	GlobalSection(ExtensibilityGlobals) = postSolution
		SolutionGuid = {5666D74E-0D8D-4179-8550-BF5A7BDD71FD}
	EndGlobalSection
EndGlobal
